
Microsoft Visual Studio Solution File, Format Version 12.00
# Visual Studio 15
VisualStudioVersion = 15.0.27703.2026
MinimumVisualStudioVersion = 10.0.40219.1
Project("{FAE04EC0-301F-11D3-BF4B-00C04F79EFBC}") = "GDMS", "GDMS\GDMS.csproj", "{F1EBC1F4-9E82-4482-AF43-A66C0607988C}"
EndProject
Global
	GlobalSection(SolutionConfigurationPlatforms) = preSolution
		Debug|Any CPU = Debug|Any CPU
		Release|Any CPU = Release|Any CPU
	EndGlobalSection
	GlobalSection(ProjectConfigurationPlatforms) = postSolution
		{F1EBC1F4-9E82-4482-AF43-A66C0607988C}.Debug|Any CPU.ActiveCfg = Debug|Any CPU
		{F1EBC1F4-9E82-4482-AF43-A66C0607988C}.Debug|Any CPU.Build.0 = Debug|Any CPU
		{F1EBC1F4-9E82-4482-AF43-A66C0607988C}.Release|Any CPU.ActiveCfg = Release|Any CPU
		{F1EBC1F4-9E82-4482-AF43-A66C0607988C}.Release|Any CPU.Build.0 = Release|Any CPU
	EndGlobalSection
	GlobalSection(SolutionProperties) = preSolution
		HideSolutionNode = FALSE
	EndGlobalSection
	GlobalSection(ExtensibilityGlobals) = postSolution
		SolutionGuid = {79A50E1B-A61E-4A08-9E6B-C7515B6A9FFC}
	EndGlobalSection
EndGlobal
